
Microsoft Visual Studio Solution File, Format Version 12.00
# Visual Studio Version 17
VisualStudioVersion = 17.9.34728.123
MinimumVisualStudioVersion = 10.0.40219.1
Project("{FAE04EC0-301F-11D3-BF4B-00C04F79EFBC}") = "MindboxTask", "MindboxTask\MindboxTask.csproj", "{E34A5B78-C68E-40F9-B3AB-849B959048CE}"
EndProject
Project("{FAE04EC0-301F-11D3-BF4B-00C04F79EFBC}") = "MindboxTask.Tests", "MindboxTask.Tests\MindboxTask.Tests.csproj", "{6364FC4C-2FFA-4DDC-935B-48500FCAA3E9}"
EndProject
Global
	GlobalSection(SolutionConfigurationPlatforms) = preSolution
		Debug|Any CPU = Debug|Any CPU
		Release|Any CPU = Release|Any CPU
	EndGlobalSection
	GlobalSection(ProjectConfigurationPlatforms) = postSolution
		{E34A5B78-C68E-40F9-B3AB-849B959048CE}.Debug|Any CPU.ActiveCfg = Debug|Any CPU
		{E34A5B78-C68E-40F9-B3AB-849B959048CE}.Debug|Any CPU.Build.0 = Debug|Any CPU
		{E34A5B78-C68E-40F9-B3AB-849B959048CE}.Release|Any CPU.ActiveCfg = Release|Any CPU
		{E34A5B78-C68E-40F9-B3AB-849B959048CE}.Release|Any CPU.Build.0 = Release|Any CPU
		{6364FC4C-2FFA-4DDC-935B-48500FCAA3E9}.Debug|Any CPU.ActiveCfg = Debug|Any CPU
		{6364FC4C-2FFA-4DDC-935B-48500FCAA3E9}.Debug|Any CPU.Build.0 = Debug|Any CPU
		{6364FC4C-2FFA-4DDC-935B-48500FCAA3E9}.Release|Any CPU.ActiveCfg = Release|Any CPU
		{6364FC4C-2FFA-4DDC-935B-48500FCAA3E9}.Release|Any CPU.Build.0 = Release|Any CPU
	EndGlobalSection
	GlobalSection(SolutionProperties) = preSolution
		HideSolutionNode = FALSE
	EndGlobalSection
	GlobalSection(ExtensibilityGlobals) = postSolution
		SolutionGuid = {EE37B95D-36B1-4827-BAD9-BD4F81B1B695}
	EndGlobalSection
EndGlobal
